Microsoft Visual Studio Solution File, Format Version 12.00
# Visual Studio 2012
Project("{FAE04EC0-301F-11D3-BF4B-00C04F79EFBC}") = "ScenesAndPlayer", "ScenesAndPlayer.csproj", "{C6865C9B-9DAE-4A33-8B46-80701AFAEABD}"
EndProject
Global
	GlobalSection(SolutionConfigurationPlatforms) = preSolution
	Debug|Any CPU = Debug|Any CPU
	ExportDebug|Any CPU = ExportDebug|Any CPU
	ExportRelease|Any CPU = ExportRelease|Any CPU
	EndGlobalSection
	GlobalSection(ProjectConfigurationPlatforms) = postSolution
		{C6865C9B-9DAE-4A33-8B46-80701AFAEABD}.Debug|Any CPU.ActiveCfg = Debug|Any CPU
		{C6865C9B-9DAE-4A33-8B46-80701AFAEABD}.Debug|Any CPU.Build.0 = Debug|Any CPU
		{C6865C9B-9DAE-4A33-8B46-80701AFAEABD}.ExportDebug|Any CPU.ActiveCfg = ExportDebug|Any CPU
		{C6865C9B-9DAE-4A33-8B46-80701AFAEABD}.ExportDebug|Any CPU.Build.0 = ExportDebug|Any CPU
		{C6865C9B-9DAE-4A33-8B46-80701AFAEABD}.ExportRelease|Any CPU.ActiveCfg = ExportRelease|Any CPU
		{C6865C9B-9DAE-4A33-8B46-80701AFAEABD}.ExportRelease|Any CPU.Build.0 = ExportRelease|Any CPU
	EndGlobalSection
EndGlobal
